// !$*UTF8*$!
{
	archiveVersion = 1;
	classes = {
	};
	objectVersion = 46;
	objects = {

/* Begin PBXBuildFile section */
		0124DDD71DF00D3F0004D16D /* CryptoSwift.framework in Frameworks */ = {isa = PBXBuildFile; fileRef = 0124DDD21DF00CF90004D16D /* CryptoSwift.framework */; };
		01C8A0421DEED8C7007A4C4C /* AppDelegate.swift in Sources */ = {isa = PBXBuildFile; fileRef = 01C8A0411DEED8C7007A4C4C /* AppDelegate.swift */; };
		01C8A0441DEED8C7007A4C4C /* ViewController.swift in Sources */ = {isa = PBXBuildFile; fileRef = 01C8A0431DEED8C7007A4C4C /* ViewController.swift */; };
		01C8A0461DEED8C7007A4C4C /* Assets.xcassets in Resources */ = {isa = PBXBuildFile; fileRef = 01C8A0451DEED8C7007A4C4C /* Assets.xcassets */; };
		01C8A0491DEED8C7007A4C4C /* Main.storyboard in Resources */ = {isa = PBXBuildFile; fileRef = 01C8A0471DEED8C7007A4C4C /* Main.storyboard */; };
/* End PBXBuildFile section */

/* Begin PBXContainerItemProxy section */
		0124DDD11DF00CF90004D16D /* PBXContainerItemProxy */ = {
			isa = PBXContainerItemProxy;
			containerPortal = 0124DDCC1DF00CF90004D16D /* CryptoSwift.xcodeproj */;
			proxyType = 2;
			remoteGlobalIDString = 754BE45519693E190098E6F3;
			remoteInfo = CryptoSwift;
		};
		0124DDD31DF00CF90004D16D /* PBXContainerItemProxy */ = {
			isa = PBXContainerItemProxy;
			containerPortal = 0124DDCC1DF00CF90004D16D /* CryptoSwift.xcodeproj */;
			proxyType = 2;
			remoteGlobalIDString = 754BE46019693E190098E6F3;
			remoteInfo = Tests;
		};
		0124DDD51DF00D1C0004D16D /* PBXContainerItemProxy */ = {
			isa = PBXContainerItemProxy;
			containerPortal = 0124DDCC1DF00CF90004D16D /* CryptoSwift.xcodeproj */;
			proxyType = 1;
			remoteGlobalIDString = 754BE45419693E190098E6F3;
			remoteInfo = CryptoSwift;
		};
/* End PBXContainerItemProxy section */

/* Begin PBXFileReference section */
		0124DDCC1DF00CF90004D16D /* CryptoSwift.xcodeproj */ = {isa = PBXFileReference; lastKnownFileType = "wrapper.pb-project"; name = CryptoSwift.xcodeproj; path = CryptoSwift/CryptoSwift.xcodeproj; sourceTree = SOURCE_ROOT; };
		01C8A03E1DEED8C7007A4C4C /* encode.app */ = {isa = PBXFileReference; explicitFileType = wrapper.application; includeInIndex = 0; path = encode.app; sourceTree = BUILT_PRODUCTS_DIR; };
		01C8A0411DEED8C7007A4C4C /* AppDelegate.swift */ = {isa = PBXFileReference; lastKnownFileType = sourcecode.swift; path = AppDelegate.swift; sourceTree = "<group>"; };
		01C8A0431DEED8C7007A4C4C /* ViewController.swift */ = {isa = PBXFileReference; lastKnownFileType = sourcecode.swift; path = ViewController.swift; sourceTree = "<group>"; };
		01C8A0451DEED8C7007A4C4C /* Assets.xcassets */ = {isa = PBXFileReference; lastKnownFileType = folder.assetcatalog; path = Assets.xcassets; sourceTree = "<group>"; };
		01C8A0481DEED8C7007A4C4C /* Base */ = {isa = PBXFileReference; lastKnownFileType = file.storyboard; name = Base; path = Base.lproj/Main.storyboard; sourceTree = "<group>"; };
		01C8A04A1DEED8C7007A4C4C /* Info.plist */ = {isa = PBXFileReference; lastKnownFileType = text.plist.xml; path = Info.plist; sourceTree = "<group>"; };
/* End PBXFileReference section */

/* Begin PBXFrameworksBuildPhase section */
		01C8A03B1DEED8C7007A4C4C /* Frameworks */ = {
			isa = PBXFrameworksBuildPhase;
			buildActionMask = 2147483647;
			files = (
				0124DDD71DF00D3F0004D16D /* CryptoSwift.framework in Frameworks */,
			);
			runOnlyForDeploymentPostprocessing = 0;
		};
/* End PBXFrameworksBuildPhase section */

/* Begin PBXGroup section */
		0124DDCD1DF00CF90004D16D /* Products */ = {
			isa = PBXGroup;
			children = (
				0124DDD21DF00CF90004D16D /* CryptoSwift.framework */,
				0124DDD41DF00CF90004D16D /* Tests.xctest */,
			);
			name = Products;
			sourceTree = "<group>";
		};
		01C8A0351DEED8C7007A4C4C = {
			isa = PBXGroup;
			children = (
				01C8A0401DEED8C7007A4C4C /* encode */,
				01C8A03F1DEED8C7007A4C4C /* Products */,
			);
			sourceTree = "<group>";
		};
		01C8A03F1DEED8C7007A4C4C /* Products */ = {
			isa = PBXGroup;
			children = (
				01C8A03E1DEED8C7007A4C4C /* encode.app */,
			);
			name = Products;
			sourceTree = "<group>";
		};
		01C8A0401DEED8C7007A4C4C /* encode */ = {
			isa = PBXGroup;
			children = (
				0124DDCC1DF00CF90004D16D /* CryptoSwift.xcodeproj */,
				01C8A0411DEED8C7007A4C4C /* AppDelegate.swift */,
				01C8A0431DEED8C7007A4C4C /* ViewController.swift */,
				01C8A0451DEED8C7007A4C4C /* Assets.xcassets */,
				01C8A0471DEED8C7007A4C4C /* Main.storyboard */,
				01C8A04A1DEED8C7007A4C4C /* Info.plist */,
			);
			path = encode;
			sourceTree = "<group>";
		};
/* End PBXGroup section */

/* Begin PBXNativeTarget section */
		01C8A03D1DEED8C7007A4C4C /* encode */ = {
			isa = PBXNativeTarget;
			buildConfigurationList = 01C8A04D1DEED8C7007A4C4C /* Build configuration list for PBXNativeTarget "encode" */;
			buildPhases = (
				01C8A03A1DEED8C7007A4C4C /* Sources */,
				01C8A03B1DEED8C7007A4C4C /* Frameworks */,
				01C8A03C1DEED8C7007A4C4C /* Resources */,
			);
			buildRules = (
			);
			dependencies = (
				0124DDD61DF00D1C0004D16D /* PBXTargetDependency */,
			);
			name = encode;
			productName = encode;
			productReference = 01C8A03E1DEED8C7007A4C4C /* encode.app */;
			productType = "com.apple.product-type.application";
		};
/* End PBXNativeTarget section */

/* Begin PBXProject section */
		01C8A0361DEED8C7007A4C4C /* Project object */ = {
			isa = PBXProject;
			attributes = {
				LastSwiftUpdateCheck = 0810;
				LastUpgradeCheck = 0810;
				ORGANIZATIONNAME = Frank;
				TargetAttributes = {
					01C8A03D1DEED8C7007A4C4C = {
						CreatedOnToolsVersion = 8.1;
						LastSwiftMigration = 0810;
						ProvisioningStyle = Automatic;
					};
				};
			};
			buildConfigurationList = 01C8A0391DEED8C7007A4C4C /* Build configuration list for PBXProject "encode" */;
			compatibilityVersion = "Xcode 3.2";
			developmentRegion = English;
			hasScannedForEncodings = 0;
			knownRegions = (
				en,
				Base,
			);
			mainGroup = 01C8A0351DEED8C7007A4C4C;
			productRefGroup = 01C8A03F1DEED8C7007A4C4C /* Products */;
			projectDirPath = "";
			projectReferences = (
				{
					ProductGroup = 0124DDCD1DF00CF90004D16D /* Products */;
					ProjectRef = 0124DDCC1DF00CF90004D16D /* CryptoSwift.xcodeproj */;
				},
			);
			projectRoot = "";
			targets = (
				01C8A03D1DEED8C7007A4C4C /* encode */,
			);
		};
/* End PBXProject section */

/* Begin PBXReferenceProxy section */
		0124DDD21DF00CF90004D16D /* CryptoSwift.framework */ = {
			isa = PBXReferenceProxy;
			fileType = wrapper.framework;
			path = CryptoSwift.framework;
			remoteRef = 0124DDD11DF00CF90004D16D /* PBXContainerItemProxy */;
			sourceTree = BUILT_PRODUCTS_DIR;
		};
		0124DDD41DF00CF90004D16D /* Tests.xctest */ = {
			isa = PBXReferenceProxy;
			fileType = wrapper.cfbundle;
			path = Tests.xctest;
			remoteRef = 0124DDD31DF00CF90004D16D /* PBXContainerItemProxy */;
			sourceTree = BUILT_PRODUCTS_DIR;
		};
/* End PBXReferenceProxy section */

/* Begin PBXResourcesBuildPhase section */
		01C8A03C1DEED8C7007A4C4C /* Resources */ = {
			isa = PBXResourcesBuildPhase;
			buildActionMask = 2147483647;
			files = (
				01C8A0461DEED8C7007A4C4C /* Assets.xcassets in Resources */,
				01C8A0491DEED8C7007A4C4C /* Main.storyboard in Resources */,
			);
			runOnlyForDeploymentPostprocessing = 0;
		};
/* End PBXResourcesBuildPhase section */

/* Begin PBXSourcesBuildPhase section */
		01C8A03A1DEED8C7007A4C4C /* Sources */ = {
			isa = PBXSourcesBuildPhase;
			buildActionMask = 2147483647;
			files = (
				01C8A0441DEED8C7007A4C4C /* ViewController.swift in Sources */,
				01C8A0421DEED8C7007A4C4C /* AppDelegate.swift in Sources */,
			);
			runOnlyForDeploymentPostprocessing = 0;
		};
/* End PBXSourcesBuildPhase section */

/* Begin PBXTargetDependency section */
		0124DDD61DF00D1C0004D16D /* PBXTargetDependency */ = {
			isa = PBXTargetDependency;
			name = CryptoSwift;
			targetProxy = 0124DDD51DF00D1C0004D16D /* PBXContainerItemProxy */;
		};
/* End PBXTargetDependency section */

/* Begin PBXVariantGroup section */
		01C8A0471DEED8C7007A4C4C /* Main.storyboard */ = {
			isa = PBXVariantGroup;
			children = (
				01C8A0481DEED8C7007A4C4C /* Base */,
			);
			name = Main.storyboard;
			sourceTree = "<group>";
		};
/* End PBXVariantGroup section */

/* Begin XCBuildConfiguration section */
		01C8A04B1DEED8C7007A4C4C /* Debug */ = {
			isa = XCBuildConfiguration;
			buildSettings = {
				ALWAYS_SEARCH_USER_PATHS = NO;
				CLANG_ANALYZER_NONNULL = YES;
				CLANG_CXX_LANGUAGE_STANDARD = "gnu++0x";
				CLANG_CXX_LIBRARY = "libc++";
				CLANG_ENABLE_MODULES = YES;
				CLANG_ENABLE_OBJC_ARC = YES;
				CLANG_WARN_BOOL_CONVERSION = YES;
				CLANG_WARN_CONSTANT_CONVERSION = YES;
				CLANG_WARN_DIRECT_OBJC_ISA_USAGE = YES_ERROR;
				CLANG_WARN_DOCUMENTATION_COMMENTS = YES;
				CLANG_WARN_EMPTY_BODY = YES;
				CLANG_WARN_ENUM_CONVERSION = YES;
				CLANG_WARN_INFINITE_RECURSION = YES;
				CLANG_WARN_INT_CONVERSION = YES;
				CLANG_WARN_OBJC_ROOT_CLASS = YES_ERROR;
				CLANG_WARN_SUSPICIOUS_MOVES = YES;
				CLANG_WARN_UNREACHABLE_CODE = YES;
				CLANG_WARN__DUPLICATE_METHOD_MATCH = YES;
				CODE_SIGN_IDENTITY = "-";
				COPY_PHASE_STRIP = NO;
				DEBUG_INFORMATION_FORMAT = dwarf;
				ENABLE_STRICT_OBJC_MSGSEND = YES;
				ENABLE_TESTABILITY = YES;
				GCC_C_LANGUAGE_STANDARD = gnu99;
				GCC_DYNAMIC_NO_PIC = NO;
				GCC_NO_COMMON_BLOCKS = YES;
				GCC_OPTIMIZATION_LEVEL = 0;
				GCC_PREPROCESSOR_DEFINITIONS = (
					"DEBUG=1",
					"$(inherited)",
				);
				GCC_WARN_64_TO_32_BIT_CONVERSION = YES;
				GCC_WARN_ABOUT_RETURN_TYPE = YES_ERROR;
				GCC_WARN_UNDECLARED_SELECTOR = YES;
				GCC_WARN_UNINITIALIZED_AUTOS = YES_AGGRESSIVE;
				GCC_WARN_UNUSED_FUNCTION = YES;
				GCC_WARN_UNUSED_VARIABLE = YES;
				MACOSX_DEPLOYMENT_TARGET = 10.12;
				MTL_ENABLE_DEBUG_INFO = YES;
				ONLY_ACTIVE_ARCH = YES;
				SDKROOT = macosx;
				SWIFT_ACTIVE_COMPILATION_CONDITIONS = DEBUG;
				SWIFT_OPTIMIZATION_LEVEL = "-Onone";
			};
			name = Debug;
		};
		01C8A04C1DEED8C7007A4C4C /* Release */ = {
			isa = XCBuildConfiguration;
			buildSettings = {
				ALWAYS_SEARCH_USER_PATHS = NO;
				CLANG_ANALYZER_NONNULL = YES;
				CLANG_CXX_LANGUAGE_STANDARD = "gnu++0x";
				CLANG_CXX_LIBRARY = "libc++";
				CLANG_ENABLE_MODULES = YES;
				CLANG_ENABLE_OBJC_ARC = YES;
				CLANG_WARN_BOOL_CONVERSION = YES;
				CLANG_WARN_CONSTANT_CONVERSION = YES;
				CLANG_WARN_DIRECT_OBJC_ISA_USAGE = YES_ERROR;
				CLANG_WARN_DOCUMENTATION_COMMENTS = YES;
				CLANG_WARN_EMPTY_BODY = YES;
				CLANG_WARN_ENUM_CONVERSION = YES;
				CLANG_WARN_INFINITE_RECURSION = YES;
				CLANG_WARN_INT_CONVERSION = YES;
				CLANG_WARN_OBJC_ROOT_CLASS = YES_ERROR;
				CLANG_WARN_SUSPICIOUS_MOVES = YES;
				CLANG_WARN_UNREACHABLE_CODE = YES;
				CLANG_WARN__DUPLICATE_METHOD_MATCH = YES;
				CODE_SIGN_IDENTITY = "-";
				COPY_PHASE_STRIP = NO;
				DEBUG_INFORMATION_FORMAT = "dwarf-with-dsym";
				ENABLE_NS_ASSERTIONS = NO;
				ENABLE_STRICT_OBJC_MSGSEND = YES;
				GCC_C_LANGUAGE_STANDARD = gnu99;
				GCC_NO_COMMON_BLOCKS = YES;
				GCC_WARN_64_TO_32_BIT_CONVERSION = YES;
				GCC_WARN_ABOUT_RETURN_TYPE = YES_ERROR;
				GCC_WARN_UNDECLARED_SELECTOR = YES;
				GCC_WARN_UNINITIALIZED_AUTOS = YES_AGGRESSIVE;
				GCC_WARN_UNUSED_FUNCTION = YES;
				GCC_WARN_UNUSED_VARIABLE = YES;
				MACOSX_DEPLOYMENT_TARGET = 10.12;
				MTL_ENABLE_DEBUG_INFO = NO;
				SDKROOT = macosx;
				SWIFT_OPTIMIZATION_LEVEL = "-Owholemodule";
			};
			name = Release;
		};
		01C8A04E1DEED8C7007A4C4C /* Debug */ = {
			isa = XCBuildConfiguration;
			buildSettings = {
				ASSETCATALOG_COMPILER_APPICON_NAME = AppIcon;
				CLANG_ENABLE_MODULES = YES;
				COMBINE_HIDPI_IMAGES = YES;
				INFOPLIST_FILE = encode/Info.plist;
				LD_RUNPATH_SEARCH_PATHS = "$(inherited) @executable_path/../Frameworks";
				PRODUCT_BUNDLE_IDENTIFIER = cn.wuzhuti.encode;
				PRODUCT_NAME = "$(TARGET_NAME)";
				SWIFT_OPTIMIZATION_LEVEL = "-Onone";
				SWIFT_VERSION = 3.0;
			};
			name = Debug;
		};
		01C8A04F1DEED8C7007A4C4C /* Release */ = {
			isa = XCBuildConfiguration;
			buildSettings = {
				ASSETCATALOG_COMPILER_APPICON_NAME = AppIcon;
				CLANG_ENABLE_MODULES = YES;
				COMBINE_HIDPI_IMAGES = YES;
				INFOPLIST_FILE = encode/Info.plist;
				LD_RUNPATH_SEARCH_PATHS = "$(inherited) @executable_path/../Frameworks";
				PRODUCT_BUNDLE_IDENTIFIER = cn.wuzhuti.encode;
				PRODUCT_NAME = "$(TARGET_NAME)";
				SWIFT_VERSION = 3.0;
			};
			name = Release;
		};
/* End XCBuildConfiguration section */

/* Begin XCConfigurationList section */
		01C8A0391DEED8C7007A4C4C /* Build configuration list for PBXProject "encode" */ = {
			isa = XCConfigurationList;
			buildConfigurations = (
				01C8A04B1DEED8C7007A4C4C /* Debug */,
				01C8A04C1DEED8C7007A4C4C /* Release */,
			);
			defaultConfigurationIsVisible = 0;
			defaultConfigurationName = Release;
		};
		01C8A04D1DEED8C7007A4C4C /* Build configuration list for PBXNativeTarget "encode" */ = {
			isa = XCConfigurationList;
			buildConfigurations = (
				01C8A04E1DEED8C7007A4C4C /* Debug */,
				01C8A04F1DEED8C7007A4C4C /* Release */,
			);
			defaultConfigurationIsVisible = 0;
			defaultConfigurationName = Release;
		};
/* End XCConfigurationList section */
	};
	rootObject = 01C8A0361DEED8C7007A4C4C /* Project object */;
}
